
Microsoft Visual Studio Solution File, Format Version 12.00
# Visual Studio Version 16
VisualStudioVersion = 16.0.29613.14
MinimumVisualStudioVersion = 10.0.40219.1
Project("{FAE04EC0-301F-11D3-BF4B-00C04F79EFBC}") = "MethodOverriding", "MethodOverriding\MethodOverriding.csproj", "{40C762F3-AB91-4EBE-B5C4-E720DFE784B7}"
EndProject
Global
	GlobalSection(SolutionConfigurationPlatforms) = preSolution
		Debug|Any CPU = Debug|Any CPU
		Release|Any CPU = Release|Any CPU
	EndGlobalSection
	GlobalSection(ProjectConfigurationPlatforms) = postSolution
		{40C762F3-AB91-4EBE-B5C4-E720DFE784B7}.Debug|Any CPU.ActiveCfg = Debug|Any CPU
		{40C762F3-AB91-4EBE-B5C4-E720DFE784B7}.Debug|Any CPU.Build.0 = Debug|Any CPU
		{40C762F3-AB91-4EBE-B5C4-E720DFE784B7}.Release|Any CPU.ActiveCfg = Release|Any CPU
		{40C762F3-AB91-4EBE-B5C4-E720DFE784B7}.Release|Any CPU.Build.0 = Release|Any CPU
	EndGlobalSection
	GlobalSection(SolutionProperties) = preSolution
		HideSolutionNode = FALSE
	EndGlobalSection
	GlobalSection(ExtensibilityGlobals) = postSolution
		SolutionGuid = {3373AC16-3320-4116-808B-8FB939F1BC14}
	EndGlobalSection
EndGlobal
