
Microsoft Visual Studio Solution File, Format Version 12.00
# Visual Studio Version 16
VisualStudioVersion = 16.0.29209.62
MinimumVisualStudioVersion = 10.0.40219.1
Project("{FAE04EC0-301F-11D3-BF4B-00C04F79EFBC}") = "StringDemo", "StringDemo\StringDemo.csproj", "{6B4E001C-1FFE-4895-AD64-DC0CDF2BC3EB}"
EndProject
Global
	GlobalSection(SolutionConfigurationPlatforms) = preSolution
		Debug|Any CPU = Debug|Any CPU
		Release|Any CPU = Release|Any CPU
	EndGlobalSection
	GlobalSection(ProjectConfigurationPlatforms) = postSolution
		{6B4E001C-1FFE-4895-AD64-DC0CDF2BC3EB}.Debug|Any CPU.ActiveCfg = Debug|Any CPU
		{6B4E001C-1FFE-4895-AD64-DC0CDF2BC3EB}.Debug|Any CPU.Build.0 = Debug|Any CPU
		{6B4E001C-1FFE-4895-AD64-DC0CDF2BC3EB}.Release|Any CPU.ActiveCfg = Release|Any CPU
		{6B4E001C-1FFE-4895-AD64-DC0CDF2BC3EB}.Release|Any CPU.Build.0 = Release|Any CPU
	EndGlobalSection
	GlobalSection(SolutionProperties) = preSolution
		HideSolutionNode = FALSE
	EndGlobalSection
	GlobalSection(ExtensibilityGlobals) = postSolution
		SolutionGuid = {8960FE80-F8D1-42A9-9336-643DC85626AD}
	EndGlobalSection
EndGlobal
