
Microsoft Visual Studio Solution File, Format Version 12.00
# Visual Studio Version 16
VisualStudioVersion = 16.0.29215.179
MinimumVisualStudioVersion = 10.0.40219.1
Project("{FAE04EC0-301F-11D3-BF4B-00C04F79EFBC}") = "Data Structures I Stacks", "Data Structures I Stacks\Data Structures I Stacks.csproj", "{24E5E28B-3945-4861-B01E-CB72C89EB72A}"
EndProject
Global
	GlobalSection(SolutionConfigurationPlatforms) = preSolution
		Debug|Any CPU = Debug|Any CPU
		Release|Any CPU = Release|Any CPU
	EndGlobalSection
	GlobalSection(ProjectConfigurationPlatforms) = postSolution
		{24E5E28B-3945-4861-B01E-CB72C89EB72A}.Debug|Any CPU.ActiveCfg = Debug|Any CPU
		{24E5E28B-3945-4861-B01E-CB72C89EB72A}.Debug|Any CPU.Build.0 = Debug|Any CPU
		{24E5E28B-3945-4861-B01E-CB72C89EB72A}.Release|Any CPU.ActiveCfg = Release|Any CPU
		{24E5E28B-3945-4861-B01E-CB72C89EB72A}.Release|Any CPU.Build.0 = Release|Any CPU
	EndGlobalSection
	GlobalSection(SolutionProperties) = preSolution
		HideSolutionNode = FALSE
	EndGlobalSection
	GlobalSection(ExtensibilityGlobals) = postSolution
		SolutionGuid = {4D0E2650-8AC5-46B5-8ADF-11E97857BFFD}
	EndGlobalSection
EndGlobal
