
Microsoft Visual Studio Solution File, Format Version 12.00
# Visual Studio Version 16
VisualStudioVersion = 16.0.29613.14
MinimumVisualStudioVersion = 10.0.40219.1
Project("{FAE04EC0-301F-11D3-BF4B-00C04F79EFBC}") = "BubbleSort", "BubbleSort\BubbleSort.csproj", "{7500520F-319D-4870-BB39-DBEB84BEA108}"
EndProject
Global
	GlobalSection(SolutionConfigurationPlatforms) = preSolution
		Debug|Any CPU = Debug|Any CPU
		Release|Any CPU = Release|Any CPU
	EndGlobalSection
	GlobalSection(ProjectConfigurationPlatforms) = postSolution
		{7500520F-319D-4870-BB39-DBEB84BEA108}.Debug|Any CPU.ActiveCfg = Debug|Any CPU
		{7500520F-319D-4870-BB39-DBEB84BEA108}.Debug|Any CPU.Build.0 = Debug|Any CPU
		{7500520F-319D-4870-BB39-DBEB84BEA108}.Release|Any CPU.ActiveCfg = Release|Any CPU
		{7500520F-319D-4870-BB39-DBEB84BEA108}.Release|Any CPU.Build.0 = Release|Any CPU
	EndGlobalSection
	GlobalSection(SolutionProperties) = preSolution
		HideSolutionNode = FALSE
	EndGlobalSection
	GlobalSection(ExtensibilityGlobals) = postSolution
		SolutionGuid = {2DC9BA73-C7D3-457E-A230-256D80F974FA}
	EndGlobalSection
EndGlobal
