
Microsoft Visual Studio Solution File, Format Version 12.00
# Visual Studio Version 16
VisualStudioVersion = 16.0.29613.14
MinimumVisualStudioVersion = 10.0.40219.1
Project("{FAE04EC0-301F-11D3-BF4B-00C04F79EFBC}") = "StringUtils", "StringUtils\StringUtils.csproj", "{326BD98B-004D-440D-990C-02B07BDC8585}"
EndProject
Global
	GlobalSection(SolutionConfigurationPlatforms) = preSolution
		Debug|Any CPU = Debug|Any CPU
		Release|Any CPU = Release|Any CPU
	EndGlobalSection
	GlobalSection(ProjectConfigurationPlatforms) = postSolution
		{326BD98B-004D-440D-990C-02B07BDC8585}.Debug|Any CPU.ActiveCfg = Debug|Any CPU
		{326BD98B-004D-440D-990C-02B07BDC8585}.Debug|Any CPU.Build.0 = Debug|Any CPU
		{326BD98B-004D-440D-990C-02B07BDC8585}.Release|Any CPU.ActiveCfg = Release|Any CPU
		{326BD98B-004D-440D-990C-02B07BDC8585}.Release|Any CPU.Build.0 = Release|Any CPU
	EndGlobalSection
	GlobalSection(SolutionProperties) = preSolution
		HideSolutionNode = FALSE
	EndGlobalSection
	GlobalSection(ExtensibilityGlobals) = postSolution
		SolutionGuid = {0FC77139-CD9D-41D0-8AAB-42F5996B2AF1}
	EndGlobalSection
EndGlobal
