
Microsoft Visual Studio Solution File, Format Version 12.00
# Visual Studio Version 16
VisualStudioVersion = 16.0.29215.179
MinimumVisualStudioVersion = 10.0.40219.1
Project("{FAE04EC0-301F-11D3-BF4B-00C04F79EFBC}") = "FileExercise1", "FileExercise1\FileExercise1.csproj", "{25E46FCB-63ED-4182-B2FF-D4AC246E4718}"
EndProject
Global
	GlobalSection(SolutionConfigurationPlatforms) = preSolution
		Debug|Any CPU = Debug|Any CPU
		Release|Any CPU = Release|Any CPU
	EndGlobalSection
	GlobalSection(ProjectConfigurationPlatforms) = postSolution
		{25E46FCB-63ED-4182-B2FF-D4AC246E4718}.Debug|Any CPU.ActiveCfg = Debug|Any CPU
		{25E46FCB-63ED-4182-B2FF-D4AC246E4718}.Debug|Any CPU.Build.0 = Debug|Any CPU
		{25E46FCB-63ED-4182-B2FF-D4AC246E4718}.Release|Any CPU.ActiveCfg = Release|Any CPU
		{25E46FCB-63ED-4182-B2FF-D4AC246E4718}.Release|Any CPU.Build.0 = Release|Any CPU
	EndGlobalSection
	GlobalSection(SolutionProperties) = preSolution
		HideSolutionNode = FALSE
	EndGlobalSection
	GlobalSection(ExtensibilityGlobals) = postSolution
		SolutionGuid = {BDD5BF47-081B-4793-BF78-93E701F9C7E7}
	EndGlobalSection
EndGlobal
