
Microsoft Visual Studio Solution File, Format Version 12.00
# Visual Studio Version 16
VisualStudioVersion = 16.0.29613.14
MinimumVisualStudioVersion = 10.0.40219.1
Project("{FAE04EC0-301F-11D3-BF4B-00C04F79EFBC}") = "CountingTime", "CountingTime\CountingTime.csproj", "{62680BB2-2679-4E0E-BDB0-E1EE7851139A}"
EndProject
Global
	GlobalSection(SolutionConfigurationPlatforms) = preSolution
		Debug|Any CPU = Debug|Any CPU
		Release|Any CPU = Release|Any CPU
	EndGlobalSection
	GlobalSection(ProjectConfigurationPlatforms) = postSolution
		{62680BB2-2679-4E0E-BDB0-E1EE7851139A}.Debug|Any CPU.ActiveCfg = Debug|Any CPU
		{62680BB2-2679-4E0E-BDB0-E1EE7851139A}.Debug|Any CPU.Build.0 = Debug|Any CPU
		{62680BB2-2679-4E0E-BDB0-E1EE7851139A}.Release|Any CPU.ActiveCfg = Release|Any CPU
		{62680BB2-2679-4E0E-BDB0-E1EE7851139A}.Release|Any CPU.Build.0 = Release|Any CPU
	EndGlobalSection
	GlobalSection(SolutionProperties) = preSolution
		HideSolutionNode = FALSE
	EndGlobalSection
	GlobalSection(ExtensibilityGlobals) = postSolution
		SolutionGuid = {C44EAC32-2CD2-44EE-8C04-1DE6F5636495}
	EndGlobalSection
EndGlobal
