
Microsoft Visual Studio Solution File, Format Version 12.00
# Visual Studio Version 16
VisualStudioVersion = 16.0.29215.179
MinimumVisualStudioVersion = 10.0.40219.1
Project("{FAE04EC0-301F-11D3-BF4B-00C04F79EFBC}") = "Properties", "Properties\Properties.csproj", "{9BC4A1BE-3905-433A-B697-2031F428EAC6}"
EndProject
Global
	GlobalSection(SolutionConfigurationPlatforms) = preSolution
		Debug|Any CPU = Debug|Any CPU
		Release|Any CPU = Release|Any CPU
	EndGlobalSection
	GlobalSection(ProjectConfigurationPlatforms) = postSolution
		{9BC4A1BE-3905-433A-B697-2031F428EAC6}.Debug|Any CPU.ActiveCfg = Debug|Any CPU
		{9BC4A1BE-3905-433A-B697-2031F428EAC6}.Debug|Any CPU.Build.0 = Debug|Any CPU
		{9BC4A1BE-3905-433A-B697-2031F428EAC6}.Release|Any CPU.ActiveCfg = Release|Any CPU
		{9BC4A1BE-3905-433A-B697-2031F428EAC6}.Release|Any CPU.Build.0 = Release|Any CPU
	EndGlobalSection
	GlobalSection(SolutionProperties) = preSolution
		HideSolutionNode = FALSE
	EndGlobalSection
	GlobalSection(ExtensibilityGlobals) = postSolution
		SolutionGuid = {D8AA5C9E-B31F-4DEE-965D-72D0C5D97D00}
	EndGlobalSection
EndGlobal
