
Microsoft Visual Studio Solution File, Format Version 12.00
# Visual Studio Version 16
VisualStudioVersion = 16.0.29215.179
MinimumVisualStudioVersion = 10.0.40219.1
Project("{FAE04EC0-301F-11D3-BF4B-00C04F79EFBC}") = "Heap", "Heap\Heap.csproj", "{7C9BE68D-F57B-408D-80BF-A6D1A872D174}"
EndProject
Global
	GlobalSection(SolutionConfigurationPlatforms) = preSolution
		Debug|Any CPU = Debug|Any CPU
		Release|Any CPU = Release|Any CPU
	EndGlobalSection
	GlobalSection(ProjectConfigurationPlatforms) = postSolution
		{7C9BE68D-F57B-408D-80BF-A6D1A872D174}.Debug|Any CPU.ActiveCfg = Debug|Any CPU
		{7C9BE68D-F57B-408D-80BF-A6D1A872D174}.Debug|Any CPU.Build.0 = Debug|Any CPU
		{7C9BE68D-F57B-408D-80BF-A6D1A872D174}.Release|Any CPU.ActiveCfg = Release|Any CPU
		{7C9BE68D-F57B-408D-80BF-A6D1A872D174}.Release|Any CPU.Build.0 = Release|Any CPU
	EndGlobalSection
	GlobalSection(SolutionProperties) = preSolution
		HideSolutionNode = FALSE
	EndGlobalSection
	GlobalSection(ExtensibilityGlobals) = postSolution
		SolutionGuid = {300BF6BE-CF66-4DB2-8637-0939A472C3AF}
	EndGlobalSection
EndGlobal
