
Microsoft Visual Studio Solution File, Format Version 12.00
# Visual Studio Version 16
VisualStudioVersion = 16.0.29613.14
MinimumVisualStudioVersion = 10.0.40219.1
Project("{FAE04EC0-301F-11D3-BF4B-00C04F79EFBC}") = "Composition", "Composition\Composition.csproj", "{B0EA40F7-444E-4F96-AD4C-6F6C1E7B2990}"
EndProject
Global
	GlobalSection(SolutionConfigurationPlatforms) = preSolution
		Debug|Any CPU = Debug|Any CPU
		Release|Any CPU = Release|Any CPU
	EndGlobalSection
	GlobalSection(ProjectConfigurationPlatforms) = postSolution
		{B0EA40F7-444E-4F96-AD4C-6F6C1E7B2990}.Debug|Any CPU.ActiveCfg = Debug|Any CPU
		{B0EA40F7-444E-4F96-AD4C-6F6C1E7B2990}.Debug|Any CPU.Build.0 = Debug|Any CPU
		{B0EA40F7-444E-4F96-AD4C-6F6C1E7B2990}.Release|Any CPU.ActiveCfg = Release|Any CPU
		{B0EA40F7-444E-4F96-AD4C-6F6C1E7B2990}.Release|Any CPU.Build.0 = Release|Any CPU
	EndGlobalSection
	GlobalSection(SolutionProperties) = preSolution
		HideSolutionNode = FALSE
	EndGlobalSection
	GlobalSection(ExtensibilityGlobals) = postSolution
		SolutionGuid = {61F15BAB-90D8-4A4E-AB63-FCF215C8DE8F}
	EndGlobalSection
EndGlobal
