
Microsoft Visual Studio Solution File, Format Version 12.00
# Visual Studio Version 16
VisualStudioVersion = 16.0.29215.179
MinimumVisualStudioVersion = 10.0.40219.1
Project("{FAE04EC0-301F-11D3-BF4B-00C04F79EFBC}") = "RecursionExample", "RecursionExample\RecursionExample.csproj", "{D7B2CB47-56EA-411A-856A-867F34623369}"
EndProject
Global
	GlobalSection(SolutionConfigurationPlatforms) = preSolution
		Debug|Any CPU = Debug|Any CPU
		Release|Any CPU = Release|Any CPU
	EndGlobalSection
	GlobalSection(ProjectConfigurationPlatforms) = postSolution
		{D7B2CB47-56EA-411A-856A-867F34623369}.Debug|Any CPU.ActiveCfg = Debug|Any CPU
		{D7B2CB47-56EA-411A-856A-867F34623369}.Debug|Any CPU.Build.0 = Debug|Any CPU
		{D7B2CB47-56EA-411A-856A-867F34623369}.Release|Any CPU.ActiveCfg = Release|Any CPU
		{D7B2CB47-56EA-411A-856A-867F34623369}.Release|Any CPU.Build.0 = Release|Any CPU
	EndGlobalSection
	GlobalSection(SolutionProperties) = preSolution
		HideSolutionNode = FALSE
	EndGlobalSection
	GlobalSection(ExtensibilityGlobals) = postSolution
		SolutionGuid = {927DB8EF-8A10-436E-8717-87A616878E04}
	EndGlobalSection
EndGlobal
