
Microsoft Visual Studio Solution File, Format Version 12.00
# Visual Studio Version 16
VisualStudioVersion = 16.0.29215.179
MinimumVisualStudioVersion = 10.0.40219.1
Project("{FAE04EC0-301F-11D3-BF4B-00C04F79EFBC}") = "HashTableExercisesMostFrequent", "HashTableExercisesMostFrequent\HashTableExercisesMostFrequent.csproj", "{6CE424F0-523D-4314-A8C7-2C55E77F9296}"
EndProject
Global
	GlobalSection(SolutionConfigurationPlatforms) = preSolution
		Debug|Any CPU = Debug|Any CPU
		Release|Any CPU = Release|Any CPU
	EndGlobalSection
	GlobalSection(ProjectConfigurationPlatforms) = postSolution
		{6CE424F0-523D-4314-A8C7-2C55E77F9296}.Debug|Any CPU.ActiveCfg = Debug|Any CPU
		{6CE424F0-523D-4314-A8C7-2C55E77F9296}.Debug|Any CPU.Build.0 = Debug|Any CPU
		{6CE424F0-523D-4314-A8C7-2C55E77F9296}.Release|Any CPU.ActiveCfg = Release|Any CPU
		{6CE424F0-523D-4314-A8C7-2C55E77F9296}.Release|Any CPU.Build.0 = Release|Any CPU
	EndGlobalSection
	GlobalSection(SolutionProperties) = preSolution
		HideSolutionNode = FALSE
	EndGlobalSection
	GlobalSection(ExtensibilityGlobals) = postSolution
		SolutionGuid = {8BE7E19F-D8B4-450C-BA0F-C1DCE3BBBC31}
	EndGlobalSection
EndGlobal
