
Microsoft Visual Studio Solution File, Format Version 12.00
# Visual Studio Version 16
VisualStudioVersion = 16.0.29613.14
MinimumVisualStudioVersion = 10.0.40219.1
Project("{FAE04EC0-301F-11D3-BF4B-00C04F79EFBC}") = "AbstractClasses", "AbstractClasses\AbstractClasses.csproj", "{01AC94E2-A512-44F2-B1E5-89477AAF52A8}"
EndProject
Global
	GlobalSection(SolutionConfigurationPlatforms) = preSolution
		Debug|Any CPU = Debug|Any CPU
		Release|Any CPU = Release|Any CPU
	EndGlobalSection
	GlobalSection(ProjectConfigurationPlatforms) = postSolution
		{01AC94E2-A512-44F2-B1E5-89477AAF52A8}.Debug|Any CPU.ActiveCfg = Debug|Any CPU
		{01AC94E2-A512-44F2-B1E5-89477AAF52A8}.Debug|Any CPU.Build.0 = Debug|Any CPU
		{01AC94E2-A512-44F2-B1E5-89477AAF52A8}.Release|Any CPU.ActiveCfg = Release|Any CPU
		{01AC94E2-A512-44F2-B1E5-89477AAF52A8}.Release|Any CPU.Build.0 = Release|Any CPU
	EndGlobalSection
	GlobalSection(SolutionProperties) = preSolution
		HideSolutionNode = FALSE
	EndGlobalSection
	GlobalSection(ExtensibilityGlobals) = postSolution
		SolutionGuid = {4BDF494F-1779-4CF6-BA5F-30E09AA58012}
	EndGlobalSection
EndGlobal
