
Microsoft Visual Studio Solution File, Format Version 12.00
# Visual Studio Version 16
VisualStudioVersion = 16.0.29209.62
MinimumVisualStudioVersion = 10.0.40219.1
Project("{FAE04EC0-301F-11D3-BF4B-00C04F79EFBC}") = "FileAndFileInfoDemo", "FileAndFileInfoDemo\FileAndFileInfoDemo.csproj", "{FE37F23B-E020-4DDA-88DF-47304A7CE6D7}"
EndProject
Global
	GlobalSection(SolutionConfigurationPlatforms) = preSolution
		Debug|Any CPU = Debug|Any CPU
		Release|Any CPU = Release|Any CPU
	EndGlobalSection
	GlobalSection(ProjectConfigurationPlatforms) = postSolution
		{FE37F23B-E020-4DDA-88DF-47304A7CE6D7}.Debug|Any CPU.ActiveCfg = Debug|Any CPU
		{FE37F23B-E020-4DDA-88DF-47304A7CE6D7}.Debug|Any CPU.Build.0 = Debug|Any CPU
		{FE37F23B-E020-4DDA-88DF-47304A7CE6D7}.Release|Any CPU.ActiveCfg = Release|Any CPU
		{FE37F23B-E020-4DDA-88DF-47304A7CE6D7}.Release|Any CPU.Build.0 = Release|Any CPU
	EndGlobalSection
	GlobalSection(SolutionProperties) = preSolution
		HideSolutionNode = FALSE
	EndGlobalSection
	GlobalSection(ExtensibilityGlobals) = postSolution
		SolutionGuid = {0B78D20C-DF42-4BFF-9192-B92838BB5E7A}
	EndGlobalSection
EndGlobal
