
Microsoft Visual Studio Solution File, Format Version 12.00
# Visual Studio Version 16
VisualStudioVersion = 16.0.29613.14
MinimumVisualStudioVersion = 10.0.40219.1
Project("{FAE04EC0-301F-11D3-BF4B-00C04F79EFBC}") = "EventsAndDelegates", "EventsAndDelegates\EventsAndDelegates.csproj", "{3056F4C5-7EBC-41F8-B55B-36BEE2BB4480}"
EndProject
Global
	GlobalSection(SolutionConfigurationPlatforms) = preSolution
		Debug|Any CPU = Debug|Any CPU
		Release|Any CPU = Release|Any CPU
	EndGlobalSection
	GlobalSection(ProjectConfigurationPlatforms) = postSolution
		{3056F4C5-7EBC-41F8-B55B-36BEE2BB4480}.Debug|Any CPU.ActiveCfg = Debug|Any CPU
		{3056F4C5-7EBC-41F8-B55B-36BEE2BB4480}.Debug|Any CPU.Build.0 = Debug|Any CPU
		{3056F4C5-7EBC-41F8-B55B-36BEE2BB4480}.Release|Any CPU.ActiveCfg = Release|Any CPU
		{3056F4C5-7EBC-41F8-B55B-36BEE2BB4480}.Release|Any CPU.Build.0 = Release|Any CPU
	EndGlobalSection
	GlobalSection(SolutionProperties) = preSolution
		HideSolutionNode = FALSE
	EndGlobalSection
	GlobalSection(ExtensibilityGlobals) = postSolution
		SolutionGuid = {CC409590-E11E-4F9F-9E95-F95B0FD6A8B0}
	EndGlobalSection
EndGlobal
