
Microsoft Visual Studio Solution File, Format Version 12.00
# Visual Studio Version 16
VisualStudioVersion = 16.0.29209.62
MinimumVisualStudioVersion = 10.0.40219.1
Project("{FAE04EC0-301F-11D3-BF4B-00C04F79EFBC}") = "StringExercise2", "StringExercise2\StringExercise2.csproj", "{B071EC72-AF66-4859-8A89-70FFD9A39FDC}"
EndProject
Global
	GlobalSection(SolutionConfigurationPlatforms) = preSolution
		Debug|Any CPU = Debug|Any CPU
		Release|Any CPU = Release|Any CPU
	EndGlobalSection
	GlobalSection(ProjectConfigurationPlatforms) = postSolution
		{B071EC72-AF66-4859-8A89-70FFD9A39FDC}.Debug|Any CPU.ActiveCfg = Debug|Any CPU
		{B071EC72-AF66-4859-8A89-70FFD9A39FDC}.Debug|Any CPU.Build.0 = Debug|Any CPU
		{B071EC72-AF66-4859-8A89-70FFD9A39FDC}.Release|Any CPU.ActiveCfg = Release|Any CPU
		{B071EC72-AF66-4859-8A89-70FFD9A39FDC}.Release|Any CPU.Build.0 = Release|Any CPU
	EndGlobalSection
	GlobalSection(SolutionProperties) = preSolution
		HideSolutionNode = FALSE
	EndGlobalSection
	GlobalSection(ExtensibilityGlobals) = postSolution
		SolutionGuid = {BA9C029B-0F98-4A23-991D-0009301D9393}
	EndGlobalSection
EndGlobal
