
Microsoft Visual Studio Solution File, Format Version 12.00
# Visual Studio Version 16
VisualStudioVersion = 16.0.29215.179
MinimumVisualStudioVersion = 10.0.40219.1
Project("{FAE04EC0-301F-11D3-BF4B-00C04F79EFBC}") = "tree", "tree\tree.csproj", "{D7994D78-F6B7-40E4-AEB0-45F85469D247}"
EndProject
Global
	GlobalSection(SolutionConfigurationPlatforms) = preSolution
		Debug|Any CPU = Debug|Any CPU
		Release|Any CPU = Release|Any CPU
	EndGlobalSection
	GlobalSection(ProjectConfigurationPlatforms) = postSolution
		{D7994D78-F6B7-40E4-AEB0-45F85469D247}.Debug|Any CPU.ActiveCfg = Debug|Any CPU
		{D7994D78-F6B7-40E4-AEB0-45F85469D247}.Debug|Any CPU.Build.0 = Debug|Any CPU
		{D7994D78-F6B7-40E4-AEB0-45F85469D247}.Release|Any CPU.ActiveCfg = Release|Any CPU
		{D7994D78-F6B7-40E4-AEB0-45F85469D247}.Release|Any CPU.Build.0 = Release|Any CPU
	EndGlobalSection
	GlobalSection(SolutionProperties) = preSolution
		HideSolutionNode = FALSE
	EndGlobalSection
	GlobalSection(ExtensibilityGlobals) = postSolution
		SolutionGuid = {3D50DF25-1201-4849-AF88-E524A545A998}
	EndGlobalSection
EndGlobal
