
Microsoft Visual Studio Solution File, Format Version 12.00
# Visual Studio Version 16
VisualStudioVersion = 16.0.29613.14
MinimumVisualStudioVersion = 10.0.40219.1
Project("{FAE04EC0-301F-11D3-BF4B-00C04F79EFBC}") = "InsertionSort", "InsertionSort\InsertionSort.csproj", "{6B000829-ADA4-46BB-BBFD-D496343BA287}"
EndProject
Global
	GlobalSection(SolutionConfigurationPlatforms) = preSolution
		Debug|Any CPU = Debug|Any CPU
		Release|Any CPU = Release|Any CPU
	EndGlobalSection
	GlobalSection(ProjectConfigurationPlatforms) = postSolution
		{6B000829-ADA4-46BB-BBFD-D496343BA287}.Debug|Any CPU.ActiveCfg = Debug|Any CPU
		{6B000829-ADA4-46BB-BBFD-D496343BA287}.Debug|Any CPU.Build.0 = Debug|Any CPU
		{6B000829-ADA4-46BB-BBFD-D496343BA287}.Release|Any CPU.ActiveCfg = Release|Any CPU
		{6B000829-ADA4-46BB-BBFD-D496343BA287}.Release|Any CPU.Build.0 = Release|Any CPU
	EndGlobalSection
	GlobalSection(SolutionProperties) = preSolution
		HideSolutionNode = FALSE
	EndGlobalSection
	GlobalSection(ExtensibilityGlobals) = postSolution
		SolutionGuid = {2B26D645-A3A0-47DE-851D-A169818CC962}
	EndGlobalSection
EndGlobal
